
Microsoft Visual Studio Solution File, Format Version 12.00
# Visual Studio Version 17
VisualStudioVersion = 17.7.34202.233
MinimumVisualStudioVersion = 10.0.40219.1
Project("{FAE04EC0-301F-11D3-BF4B-00C04F79EFBC}") = "Playfair", "Playfair\Playfair.csproj", "{34831768-D171-401D-B9AE-8B840416F796}"
EndProject
Global
	GlobalSection(SolutionConfigurationPlatforms) = preSolution
		Debug|Any CPU = Debug|Any CPU
		Release|Any CPU = Release|Any CPU
	EndGlobalSection
	GlobalSection(ProjectConfigurationPlatforms) = postSolution
		{34831768-D171-401D-B9AE-8B840416F796}.Debug|Any CPU.ActiveCfg = Debug|Any CPU
		{34831768-D171-401D-B9AE-8B840416F796}.Debug|Any CPU.Build.0 = Debug|Any CPU
		{34831768-D171-401D-B9AE-8B840416F796}.Release|Any CPU.ActiveCfg = Release|Any CPU
		{34831768-D171-401D-B9AE-8B840416F796}.Release|Any CPU.Build.0 = Release|Any CPU
	EndGlobalSection
	GlobalSection(SolutionProperties) = preSolution
		HideSolutionNode = FALSE
	EndGlobalSection
	GlobalSection(ExtensibilityGlobals) = postSolution
		SolutionGuid = {E6850A1F-181B-45C9-80BB-9776D24717C0}
	EndGlobalSection
EndGlobal
